<?xml version="1.0" encoding="utf-8"?>
<Project ToolsVersion="4.0" xmlns="http://schemas.microsoft.com/developer/msbuild/2003">
  <ItemGroup>
    <ClCompile Include="Cache.cpp">
      <Filter>源文件</Filter>
    </ClCompile>
    <ClCompile Include="DemoMain.cpp">
      <Filter>源文件</Filter>
    </ClCompile>
    <ClCompile Include="Frame.cpp">
      <Filter>源文件</Filter>
    </ClCompile>
  </ItemGroup>
  <ItemGroup>
    <ClInclude Include="Cache.h">
      <Filter>头文件</Filter>
    </ClInclude>
    <ClInclude Include="Frame.h">
      <Filter>头文件</Filter>
    </ClInclude>
  </ItemGroup>
  <ItemGroup>
    <Filter Include="源文件">
      <UniqueIdentifier>{468f0174-b547-4bad-bc3f-1d8dff4f36ba}</UniqueIdentifier>
    </Filter>
    <Filter Include="头文件">
      <UniqueIdentifier>{98dcaa27-1cc8-4ab2-93be-228729356f5f}</UniqueIdentifier>
    </Filter>
  </ItemGroup>
</Project>